
Microsoft Visual Studio Solution File, Format Version 12.00
# Visual Studio Version 16
VisualStudioVersion = 16.0.30621.155
MinimumVisualStudioVersion = 10.0.40219.1
Project("{FAE04EC0-301F-11D3-BF4B-00C04F79EFBC}") = "Server", "Server\Server.csproj", "{066D8176-A2F0-4444-8009-21AFEDC9CFF7}"
EndProject
Global
	GlobalSection(SolutionConfigurationPlatforms) = preSolution
		Debug|Any CPU = Debug|Any CPU
		Release|Any CPU = Release|Any CPU
	EndGlobalSection
	GlobalSection(ProjectConfigurationPlatforms) = postSolution
		{066D8176-A2F0-4444-8009-21AFEDC9CFF7}.Debug|Any CPU.ActiveCfg = Debug|Any CPU
		{066D8176-A2F0-4444-8009-21AFEDC9CFF7}.Debug|Any CPU.Build.0 = Debug|Any CPU
		{066D8176-A2F0-4444-8009-21AFEDC9CFF7}.Release|Any CPU.ActiveCfg = Release|Any CPU
		{066D8176-A2F0-4444-8009-21AFEDC9CFF7}.Release|Any CPU.Build.0 = Release|Any CPU
	EndGlobalSection
	GlobalSection(SolutionProperties) = preSolution
		HideSolutionNode = FALSE
	EndGlobalSection
	GlobalSection(ExtensibilityGlobals) = postSolution
		SolutionGuid = {5A1FCF37-5038-44DF-8FE3-0D70F188E45A}
	EndGlobalSection
EndGlobal
